// !$*UTF8*$!
{
	archiveVersion = 1;
	classes = {
	};
	objectVersion = 46;
	objects = {

/* Begin PBXBuildFile section */
		3D1BEAA21F3EC25200A28BA9 /* LoginVC.swift in Sources */ = {isa = PBXBuildFile; fileRef = 3D1BEAA11F3EC25200A28BA9 /* LoginVC.swift */; };
		3D1BEAA41F3EC26C00A28BA9 /* TermsVC.swift in Sources */ = {isa = PBXBuildFile; fileRef = 3D1BEAA31F3EC26C00A28BA9 /* TermsVC.swift */; };
		3D1BEAA61F3EC28400A28BA9 /* ContactUsVC.swift in Sources */ = {isa = PBXBuildFile; fileRef = 3D1BEAA51F3EC28400A28BA9 /* ContactUsVC.swift */; };
		3D1BEAA81F3EC29300A28BA9 /* MapVC.swift in Sources */ = {isa = PBXBuildFile; fileRef = 3D1BEAA71F3EC29300A28BA9 /* MapVC.swift */; };
		3D1BEAAA1F3EC2A600A28BA9 /* HomeVC.swift in Sources */ = {isa = PBXBuildFile; fileRef = 3D1BEAA91F3EC2A600A28BA9 /* HomeVC.swift */; };
		3D1BEAAC1F3EC55D00A28BA9 /* Constants.swift in Sources */ = {isa = PBXBuildFile; fileRef = 3D1BEAAB1F3EC55D00A28BA9 /* Constants.swift */; };
		3D1BEAB21F3F311F00A28BA9 /* UIButtonX.swift in Sources */ = {isa = PBXBuildFile; fileRef = 3D1BEAAD1F3F311F00A28BA9 /* UIButtonX.swift */; };
		3D1BEAB31F3F311F00A28BA9 /* UIImageViewX.swift in Sources */ = {isa = PBXBuildFile; fileRef = 3D1BEAAE1F3F311F00A28BA9 /* UIImageViewX.swift */; };
		3D1BEAB41F3F311F00A28BA9 /* UILabelX.swift in Sources */ = {isa = PBXBuildFile; fileRef = 3D1BEAAF1F3F311F00A28BA9 /* UILabelX.swift */; };
		3D1BEAB51F3F311F00A28BA9 /* UITextFieldX.swift in Sources */ = {isa = PBXBuildFile; fileRef = 3D1BEAB01F3F311F00A28BA9 /* UITextFieldX.swift */; };
		3D1BEAB61F3F311F00A28BA9 /* UIViewX.swift in Sources */ = {isa = PBXBuildFile; fileRef = 3D1BEAB11F3F311F00A28BA9 /* UIViewX.swift */; };
		3D4A1DC41F48235700885106 /* ACFloatingTextfield.swift in Sources */ = {isa = PBXBuildFile; fileRef = 3D4A1DC31F48235700885106 /* ACFloatingTextfield.swift */; };
		3D4A1DC61F48559800885106 /* MyProfileViewController.swift in Sources */ = {isa = PBXBuildFile; fileRef = 3D4A1DC51F48559800885106 /* MyProfileViewController.swift */; };
		3D4A1DC81F4855B400885106 /* RegisterViewController.swift in Sources */ = {isa = PBXBuildFile; fileRef = 3D4A1DC71F4855B400885106 /* RegisterViewController.swift */; };
		3D4A1DCA1F4855F300885106 /* RegisterViewController2.swift in Sources */ = {isa = PBXBuildFile; fileRef = 3D4A1DC91F4855F300885106 /* RegisterViewController2.swift */; };
		3D4A1DCE1F4869ED00885106 /* AFWrapperClass.swift in Sources */ = {isa = PBXBuildFile; fileRef = 3D4A1DCD1F4869ED00885106 /* AFWrapperClass.swift */; };
		3D4EA7591F4B5C7A005D3A49 /* ItemViewController.swift in Sources */ = {isa = PBXBuildFile; fileRef = 3D4EA7581F4B5C7A005D3A49 /* ItemViewController.swift */; };
		3DCB87AA1F49CE7C0041C122 /* HeadingViewController.swift in Sources */ = {isa = PBXBuildFile; fileRef = 3DCB87A91F49CE7C0041C122 /* HeadingViewController.swift */; };
		3DCB87AC1F49CF430041C122 /* NotificationsViewController.swift in Sources */ = {isa = PBXBuildFile; fileRef = 3DCB87AB1F49CF430041C122 /* NotificationsViewController.swift */; };
		3DCB87AE1F49CF5C0041C122 /* FilterViewController.swift in Sources */ = {isa = PBXBuildFile; fileRef = 3DCB87AD1F49CF5C0041C122 /* FilterViewController.swift */; };
		3DCB87B01F49F98F0041C122 /* ChangePasswordVC.swift in Sources */ = {isa = PBXBuildFile; fileRef = 3DCB87AF1F49F98E0041C122 /* ChangePasswordVC.swift */; };
		3DF50A091F3DDCD1007D288B /* AppDelegate.swift in Sources */ = {isa = PBXBuildFile; fileRef = 3DF50A081F3DDCD1007D288B /* AppDelegate.swift */; };
		3DF50A0E1F3DDCD2007D288B /* Main.storyboard in Resources */ = {isa = PBXBuildFile; fileRef = 3DF50A0C1F3DDCD2007D288B /* Main.storyboard */; };
		3DF50A101F3DDCD2007D288B /* Assets.xcassets in Resources */ = {isa = PBXBuildFile; fileRef = 3DF50A0F1F3DDCD2007D288B /* Assets.xcassets */; };
		3DF50A131F3DDCD2007D288B /* LaunchScreen.storyboard in Resources */ = {isa = PBXBuildFile; fileRef = 3DF50A111F3DDCD2007D288B /* LaunchScreen.storyboard */; };
		55059FF11F603BAE009D5CE1 /* WishListViewController.swift in Sources */ = {isa = PBXBuildFile; fileRef = 55059FF01F603BAE009D5CE1 /* WishListViewController.swift */; };
		55059FF31F60400F009D5CE1 /* BookmarksViewController.swift in Sources */ = {isa = PBXBuildFile; fileRef = 55059FF21F60400F009D5CE1 /* BookmarksViewController.swift */; };
		550AD2871F6F0D0B00FDBF0E /* DetailItemViewController2.swift in Sources */ = {isa = PBXBuildFile; fileRef = 550AD2861F6F0D0B00FDBF0E /* DetailItemViewController2.swift */; };
		552507231F6848A500C82AD4 /* HomePageViewController.swift in Sources */ = {isa = PBXBuildFile; fileRef = 552507221F6848A500C82AD4 /* HomePageViewController.swift */; };
		5557104C1F5EEF2300A8A8A9 /* CateloguesViewController.swift in Sources */ = {isa = PBXBuildFile; fileRef = 5557104B1F5EEF2300A8A8A9 /* CateloguesViewController.swift */; };
		5570548F1F606F440008E377 /* ProfileViewController.swift in Sources */ = {isa = PBXBuildFile; fileRef = 5570548E1F606F440008E377 /* ProfileViewController.swift */; };
		55D6AAC91F6D3D8C00692B23 /* SearchItemsViewController.swift in Sources */ = {isa = PBXBuildFile; fileRef = 55D6AAC81F6D3D8C00692B23 /* SearchItemsViewController.swift */; };
		55F4C0301F7160FA00C42ED2 /* GoogleService-Info.plist in Resources */ = {isa = PBXBuildFile; fileRef = 55D6AAC61F6D1ADC00692B23 /* GoogleService-Info.plist */; };
		747D226B4804CDBDB9ACB8D7 /* Pods_brainGroom.framework in Frameworks */ = {isa = PBXBuildFile; fileRef = CC8DD4162CC4CE9604924D8E /* Pods_brainGroom.framework */; };
		BF0400E41F64017600C52118 /* OTPViewController.swift in Sources */ = {isa = PBXBuildFile; fileRef = BF0400E31F64017600C52118 /* OTPViewController.swift */; };
		BF469D251F7421B70008D69E /* FAQViewController.swift in Sources */ = {isa = PBXBuildFile; fileRef = BF469D241F7421B70008D69E /* FAQViewController.swift */; };
/* End PBXBuildFile section */

/* Begin PBXFileReference section */
		3D1BEAA11F3EC25200A28BA9 /* LoginVC.swift */ = {isa = PBXFileReference; fileEncoding = 4; lastKnownFileType = sourcecode.swift; path = LoginVC.swift; sourceTree = "<group>"; };
		3D1BEAA31F3EC26C00A28BA9 /* TermsVC.swift */ = {isa = PBXFileReference; fileEncoding = 4; lastKnownFileType = sourcecode.swift; path = TermsVC.swift; sourceTree = "<group>"; };
		3D1BEAA51F3EC28400A28BA9 /* ContactUsVC.swift */ = {isa = PBXFileReference; fileEncoding = 4; lastKnownFileType = sourcecode.swift; path = ContactUsVC.swift; sourceTree = "<group>"; };
		3D1BEAA71F3EC29300A28BA9 /* MapVC.swift */ = {isa = PBXFileReference; fileEncoding = 4; lastKnownFileType = sourcecode.swift; path = MapVC.swift; sourceTree = "<group>"; };
		3D1BEAA91F3EC2A600A28BA9 /* HomeVC.swift */ = {isa = PBXFileReference; fileEncoding = 4; lastKnownFileType = sourcecode.swift; path = HomeVC.swift; sourceTree = "<group>"; };
		3D1BEAAB1F3EC55D00A28BA9 /* Constants.swift */ = {isa = PBXFileReference; fileEncoding = 4; lastKnownFileType = sourcecode.swift; path = Constants.swift; sourceTree = "<group>"; };
		3D1BEAAD1F3F311F00A28BA9 /* UIButtonX.swift */ = {isa = PBXFileReference; fileEncoding = 4; lastKnownFileType = sourcecode.swift; path = UIButtonX.swift; sourceTree = "<group>"; };
		3D1BEAAE1F3F311F00A28BA9 /* UIImageViewX.swift */ = {isa = PBXFileReference; fileEncoding = 4; lastKnownFileType = sourcecode.swift; path = UIImageViewX.swift; sourceTree = "<group>"; };
		3D1BEAAF1F3F311F00A28BA9 /* UILabelX.swift */ = {isa = PBXFileReference; fileEncoding = 4; lastKnownFileType = sourcecode.swift; path = UILabelX.swift; sourceTree = "<group>"; };
		3D1BEAB01F3F311F00A28BA9 /* UITextFieldX.swift */ = {isa = PBXFileReference; fileEncoding = 4; lastKnownFileType = sourcecode.swift; path = UITextFieldX.swift; sourceTree = "<group>"; };
		3D1BEAB11F3F311F00A28BA9 /* UIViewX.swift */ = {isa = PBXFileReference; fileEncoding = 4; lastKnownFileType = sourcecode.swift; path = UIViewX.swift; sourceTree = "<group>"; };
		3D4A1DC31F48235700885106 /* ACFloatingTextfield.swift */ = {isa = PBXFileReference; fileEncoding = 4; lastKnownFileType = sourcecode.swift; path = ACFloatingTextfield.swift; sourceTree = "<group>"; };
		3D4A1DC51F48559800885106 /* MyProfileViewController.swift */ = {isa = PBXFileReference; fileEncoding = 4; lastKnownFileType = sourcecode.swift; path = MyProfileViewController.swift; sourceTree = "<group>"; };
		3D4A1DC71F4855B400885106 /* RegisterViewController.swift */ = {isa = PBXFileReference; fileEncoding = 4; lastKnownFileType = sourcecode.swift; path = RegisterViewController.swift; sourceTree = "<group>"; };
		3D4A1DC91F4855F300885106 /* RegisterViewController2.swift */ = {isa = PBXFileReference; fileEncoding = 4; lastKnownFileType = sourcecode.swift; path = RegisterViewController2.swift; sourceTree = "<group>"; };
		3D4A1DCD1F4869ED00885106 /* AFWrapperClass.swift */ = {isa = PBXFileReference; fileEncoding = 4; lastKnownFileType = sourcecode.swift; path = AFWrapperClass.swift; sourceTree = "<group>"; };
		3D4EA7581F4B5C7A005D3A49 /* ItemViewController.swift */ = {isa = PBXFileReference; fileEncoding = 4; lastKnownFileType = sourcecode.swift; path = ItemViewController.swift; sourceTree = "<group>"; };
		3DCB87A91F49CE7C0041C122 /* HeadingViewController.swift */ = {isa = PBXFileReference; fileEncoding = 4; lastKnownFileType = sourcecode.swift; path = HeadingViewController.swift; sourceTree = "<group>"; };
		3DCB87AB1F49CF430041C122 /* NotificationsViewController.swift */ = {isa = PBXFileReference; fileEncoding = 4; lastKnownFileType = sourcecode.swift; path = NotificationsViewController.swift; sourceTree = "<group>"; };
		3DCB87AD1F49CF5C0041C122 /* FilterViewController.swift */ = {isa = PBXFileReference; fileEncoding = 4; lastKnownFileType = sourcecode.swift; path = FilterViewController.swift; sourceTree = "<group>"; };
		3DCB87AF1F49F98E0041C122 /* ChangePasswordVC.swift */ = {isa = PBXFileReference; fileEncoding = 4; lastKnownFileType = sourcecode.swift; path = ChangePasswordVC.swift; sourceTree = "<group>"; };
		3DF50A051F3DDCD1007D288B /* brainGroom.app */ = {isa = PBXFileReference; explicitFileType = wrapper.application; includeInIndex = 0; path = brainGroom.app; sourceTree = BUILT_PRODUCTS_DIR; };
		3DF50A081F3DDCD1007D288B /* AppDelegate.swift */ = {isa = PBXFileReference; lastKnownFileType = sourcecode.swift; path = AppDelegate.swift; sourceTree = "<group>"; };
		3DF50A0D1F3DDCD2007D288B /* Base */ = {isa = PBXFileReference; lastKnownFileType = file.storyboard; name = Base; path = Base.lproj/Main.storyboard; sourceTree = "<group>"; };
		3DF50A0F1F3DDCD2007D288B /* Assets.xcassets */ = {isa = PBXFileReference; lastKnownFileType = folder.assetcatalog; path = Assets.xcassets; sourceTree = "<group>"; };
		3DF50A121F3DDCD2007D288B /* Base */ = {isa = PBXFileReference; lastKnownFileType = file.storyboard; name = Base; path = Base.lproj/LaunchScreen.storyboard; sourceTree = "<group>"; };
		3DF50A141F3DDCD2007D288B /* Info.plist */ = {isa = PBXFileReference; lastKnownFileType = text.plist.xml; path = Info.plist; sourceTree = "<group>"; };
		4E92EE515693C508160853CE /* Pods-brainGroom.release.xcconfig */ = {isa = PBXFileReference; includeInIndex = 1; lastKnownFileType = text.xcconfig; name = "Pods-brainGroom.release.xcconfig"; path = "Pods/Target Support Files/Pods-brainGroom/Pods-brainGroom.release.xcconfig"; sourceTree = "<group>"; };
		55059FF01F603BAE009D5CE1 /* WishListViewController.swift */ = {isa = PBXFileReference; fileEncoding = 4; lastKnownFileType = sourcecode.swift; path = WishListViewController.swift; sourceTree = "<group>"; };
		55059FF21F60400F009D5CE1 /* BookmarksViewController.swift */ = {isa = PBXFileReference; fileEncoding = 4; lastKnownFileType = sourcecode.swift; path = BookmarksViewController.swift; sourceTree = "<group>"; };
		550AD2861F6F0D0B00FDBF0E /* DetailItemViewController2.swift */ = {isa = PBXFileReference; fileEncoding = 4; lastKnownFileType = sourcecode.swift; path = DetailItemViewController2.swift; sourceTree = "<group>"; };
		552507221F6848A500C82AD4 /* HomePageViewController.swift */ = {isa = PBXFileReference; fileEncoding = 4; lastKnownFileType = sourcecode.swift; path = HomePageViewController.swift; sourceTree = "<group>"; };
		5557104B1F5EEF2300A8A8A9 /* CateloguesViewController.swift */ = {isa = PBXFileReference; fileEncoding = 4; lastKnownFileType = sourcecode.swift; path = CateloguesViewController.swift; sourceTree = "<group>"; };
		5570548E1F606F440008E377 /* ProfileViewController.swift */ = {isa = PBXFileReference; fileEncoding = 4; lastKnownFileType = sourcecode.swift; path = ProfileViewController.swift; sourceTree = "<group>"; };
		55D6AAC61F6D1ADC00692B23 /* GoogleService-Info.plist */ = {isa = PBXFileReference; fileEncoding = 4; lastKnownFileType = text.plist.xml; path = "GoogleService-Info.plist"; sourceTree = "<group>"; };
		55D6AAC81F6D3D8C00692B23 /* SearchItemsViewController.swift */ = {isa = PBXFileReference; fileEncoding = 4; lastKnownFileType = sourcecode.swift; path = SearchItemsViewController.swift; sourceTree = "<group>"; };
		BF0400E31F64017600C52118 /* OTPViewController.swift */ = {isa = PBXFileReference; fileEncoding = 4; lastKnownFileType = sourcecode.swift; path = OTPViewController.swift; sourceTree = "<group>"; };
		BF469D241F7421B70008D69E /* FAQViewController.swift */ = {isa = PBXFileReference; lastKnownFileType = sourcecode.swift; path = FAQViewController.swift; sourceTree = "<group>"; };
		BFCD1CCD1F72D0EB003D50E6 /* brainGroom-Bridging-Header.h */ = {isa = PBXFileReference; lastKnownFileType = sourcecode.c.h; path = "brainGroom-Bridging-Header.h"; sourceTree = "<group>"; };
		CC8DD4162CC4CE9604924D8E /* Pods_brainGroom.framework */ = {isa = PBXFileReference; explicitFileType = wrapper.framework; includeInIndex = 0; path = Pods_brainGroom.framework; sourceTree = BUILT_PRODUCTS_DIR; };
		DDF1792C24A73FF573580254 /* Pods-brainGroom.debug.xcconfig */ = {isa = PBXFileReference; includeInIndex = 1; lastKnownFileType = text.xcconfig; name = "Pods-brainGroom.debug.xcconfig"; path = "Pods/Target Support Files/Pods-brainGroom/Pods-brainGroom.debug.xcconfig"; sourceTree = "<group>"; };
/* End PBXFileReference section */

/* Begin PBXFrameworksBuildPhase section */
		3DF50A021F3DDCD1007D288B /* Frameworks */ = {
			isa = PBXFrameworksBuildPhase;
			buildActionMask = 2147483647;
			files = (
				747D226B4804CDBDB9ACB8D7 /* Pods_brainGroom.framework in Frameworks */,
			);
			runOnlyForDeploymentPostprocessing = 0;
		};
/* End PBXFrameworksBuildPhase section */

/* Begin PBXGroup section */
		2D41D13AA5E5188CFFCDF04E /* Frameworks */ = {
			isa = PBXGroup;
			children = (
				CC8DD4162CC4CE9604924D8E /* Pods_brainGroom.framework */,
			);
			name = Frameworks;
			sourceTree = "<group>";
		};
		3D1BEAB71F3F3D6700A28BA9 /* ComponentExtensions */ = {
			isa = PBXGroup;
			children = (
				3D1BEAAD1F3F311F00A28BA9 /* UIButtonX.swift */,
				3D1BEAAE1F3F311F00A28BA9 /* UIImageViewX.swift */,
				3D1BEAAF1F3F311F00A28BA9 /* UILabelX.swift */,
				3D1BEAB01F3F311F00A28BA9 /* UITextFieldX.swift */,
				3D1BEAB11F3F311F00A28BA9 /* UIViewX.swift */,
			);
			name = ComponentExtensions;
			sourceTree = "<group>";
		};
		3D47DD011F70302700FA15F1 /* DetailsOfItemVC */ = {
			isa = PBXGroup;
			children = (
				550AD2861F6F0D0B00FDBF0E /* DetailItemViewController2.swift */,
			);
			name = DetailsOfItemVC;
			sourceTree = "<group>";
		};
		3DF509FC1F3DDCD0007D288B = {
			isa = PBXGroup;
			children = (
				3DF50A071F3DDCD1007D288B /* brainGroom */,
				3DF50A061F3DDCD1007D288B /* Products */,
				B58F7CA5B31DC94FDD4A9CF5 /* Pods */,
				2D41D13AA5E5188CFFCDF04E /* Frameworks */,
			);
			sourceTree = "<group>";
		};
		3DF50A061F3DDCD1007D288B /* Products */ = {
			isa = PBXGroup;
			children = (
				3DF50A051F3DDCD1007D288B /* brainGroom.app */,
			);
			name = Products;
			sourceTree = "<group>";
		};
		3DF50A071F3DDCD1007D288B /* brainGroom */ = {
			isa = PBXGroup;
			children = (
				5555EA0C1F651E45005E54F1 /* AppDelegate */,
				5555EA011F651D8E005E54F1 /* SideMenuViewControllers */,
				5555EA121F651EAE005E54F1 /* ExploreVC */,
				3DCB87A91F49CE7C0041C122 /* HeadingViewController.swift */,
				5555EA111F651EA4005E54F1 /* NotificationsVC */,
				5555EA101F651E9D005E54F1 /* FilterVC */,
				5555EA0F1F651E96005E54F1 /* HomeVC */,
				5555EA0E1F651E7D005E54F1 /* CategoriesVC */,
				5555EA131F651EB8005E54F1 /* ShowListVC */,
				3D47DD011F70302700FA15F1 /* DetailsOfItemVC */,
				BF3525F51F73BD67003E206D /* VendorProfileVC */,
				5555EA0D1F651E6B005E54F1 /* SupportFiles */,
				3D1BEAB71F3F3D6700A28BA9 /* ComponentExtensions */,
				3DF50A0C1F3DDCD2007D288B /* Main.storyboard */,
				3DF50A0F1F3DDCD2007D288B /* Assets.xcassets */,
				3DF50A111F3DDCD2007D288B /* LaunchScreen.storyboard */,
				55D6AAC61F6D1ADC00692B23 /* GoogleService-Info.plist */,
				3DF50A141F3DDCD2007D288B /* Info.plist */,
				BFCD1CCD1F72D0EB003D50E6 /* brainGroom-Bridging-Header.h */,
			);
			path = brainGroom;
			sourceTree = "<group>";
		};
		5555EA011F651D8E005E54F1 /* SideMenuViewControllers */ = {
			isa = PBXGroup;
			children = (
				BF469D261F7424990008D69E /* FAQVC */,
				5555EA071F651DEF005E54F1 /* TermsVC */,
				5555EA081F651DFC005E54F1 /* ContactUsVC */,
				5555EA091F651E03005E54F1 /* ProfileVC */,
				5555EA061F651DE3005E54F1 /* Login-SignUp */,
				5555EA0A1F651E21005E54F1 /* WishListVC */,
				5555EA0B1F651E2B005E54F1 /* BookMarksVC */,
			);
			name = SideMenuViewControllers;
			sourceTree = "<group>";
		};
		5555EA021F651DB0005E54F1 /* LoginVC */ = {
			isa = PBXGroup;
			children = (
				3D1BEAA11F3EC25200A28BA9 /* LoginVC.swift */,
			);
			name = LoginVC;
			sourceTree = "<group>";
		};
		5555EA031F651DC2005E54F1 /* RegisterVC */ = {
			isa = PBXGroup;
			children = (
				3D4A1DC71F4855B400885106 /* RegisterViewController.swift */,
				3D4A1DC91F4855F300885106 /* RegisterViewController2.swift */,
			);
			name = RegisterVC;
			sourceTree = "<group>";
		};
		5555EA041F651DCB005E54F1 /* OTPVC */ = {
			isa = PBXGroup;
			children = (
				BF0400E31F64017600C52118 /* OTPViewController.swift */,
			);
			name = OTPVC;
			sourceTree = "<group>";
		};
		5555EA051F651DD2005E54F1 /* ChangePasswordVC */ = {
			isa = PBXGroup;
			children = (
				3DCB87AF1F49F98E0041C122 /* ChangePasswordVC.swift */,
			);
			name = ChangePasswordVC;
			sourceTree = "<group>";
		};
		5555EA061F651DE3005E54F1 /* Login-SignUp */ = {
			isa = PBXGroup;
			children = (
				5555EA021F651DB0005E54F1 /* LoginVC */,
				5555EA031F651DC2005E54F1 /* RegisterVC */,
				5555EA041F651DCB005E54F1 /* OTPVC */,
				5555EA051F651DD2005E54F1 /* ChangePasswordVC */,
				55D6AAC81F6D3D8C00692B23 /* SearchItemsViewController.swift */,
			);
			name = "Login-SignUp";
			sourceTree = "<group>";
		};
		5555EA071F651DEF005E54F1 /* TermsVC */ = {
			isa = PBXGroup;
			children = (
				3D1BEAA31F3EC26C00A28BA9 /* TermsVC.swift */,
			);
			name = TermsVC;
			sourceTree = "<group>";
		};
		5555EA081F651DFC005E54F1 /* ContactUsVC */ = {
			isa = PBXGroup;
			children = (
				3D1BEAA51F3EC28400A28BA9 /* ContactUsVC.swift */,
			);
			name = ContactUsVC;
			sourceTree = "<group>";
		};
		5555EA091F651E03005E54F1 /* ProfileVC */ = {
			isa = PBXGroup;
			children = (
				5570548E1F606F440008E377 /* ProfileViewController.swift */,
			);
			name = ProfileVC;
			sourceTree = "<group>";
		};
		5555EA0A1F651E21005E54F1 /* WishListVC */ = {
			isa = PBXGroup;
			children = (
				55059FF01F603BAE009D5CE1 /* WishListViewController.swift */,
			);
			name = WishListVC;
			sourceTree = "<group>";
		};
		5555EA0B1F651E2B005E54F1 /* BookMarksVC */ = {
			isa = PBXGroup;
			children = (
				55059FF21F60400F009D5CE1 /* BookmarksViewController.swift */,
			);
			name = BookMarksVC;
			sourceTree = "<group>";
		};
		5555EA0C1F651E45005E54F1 /* AppDelegate */ = {
			isa = PBXGroup;
			children = (
				3DF50A081F3DDCD1007D288B /* AppDelegate.swift */,
			);
			name = AppDelegate;
			sourceTree = "<group>";
		};
		5555EA0D1F651E6B005E54F1 /* SupportFiles */ = {
			isa = PBXGroup;
			children = (
				3D1BEAAB1F3EC55D00A28BA9 /* Constants.swift */,
				3D4A1DCD1F4869ED00885106 /* AFWrapperClass.swift */,
				3D4A1DC31F48235700885106 /* ACFloatingTextfield.swift */,
			);
			name = SupportFiles;
			sourceTree = "<group>";
		};
		5555EA0E1F651E7D005E54F1 /* CategoriesVC */ = {
			isa = PBXGroup;
			children = (
				5557104B1F5EEF2300A8A8A9 /* CateloguesViewController.swift */,
			);
			name = CategoriesVC;
			sourceTree = "<group>";
		};
		5555EA0F1F651E96005E54F1 /* HomeVC */ = {
			isa = PBXGroup;
			children = (
				3D1BEAA91F3EC2A600A28BA9 /* HomeVC.swift */,
				552507221F6848A500C82AD4 /* HomePageViewController.swift */,
			);
			name = HomeVC;
			sourceTree = "<group>";
		};
		5555EA101F651E9D005E54F1 /* FilterVC */ = {
			isa = PBXGroup;
			children = (
				3DCB87AD1F49CF5C0041C122 /* FilterViewController.swift */,
			);
			name = FilterVC;
			sourceTree = "<group>";
		};
		5555EA111F651EA4005E54F1 /* NotificationsVC */ = {
			isa = PBXGroup;
			children = (
				3DCB87AB1F49CF430041C122 /* NotificationsViewController.swift */,
			);
			name = NotificationsVC;
			sourceTree = "<group>";
		};
		5555EA121F651EAE005E54F1 /* ExploreVC */ = {
			isa = PBXGroup;
			children = (
				3D1BEAA71F3EC29300A28BA9 /* MapVC.swift */,
			);
			name = ExploreVC;
			sourceTree = "<group>";
		};
		5555EA131F651EB8005E54F1 /* ShowListVC */ = {
			isa = PBXGroup;
			children = (
				3D4EA7581F4B5C7A005D3A49 /* ItemViewController.swift */,
			);
			name = ShowListVC;
			sourceTree = "<group>";
		};
		B58F7CA5B31DC94FDD4A9CF5 /* Pods */ = {
			isa = PBXGroup;
			children = (
				DDF1792C24A73FF573580254 /* Pods-brainGroom.debug.xcconfig */,
				4E92EE515693C508160853CE /* Pods-brainGroom.release.xcconfig */,
			);
			name = Pods;
			sourceTree = "<group>";
		};
		BF3525F51F73BD67003E206D /* VendorProfileVC */ = {
			isa = PBXGroup;
			children = (
				3D4A1DC51F48559800885106 /* MyProfileViewController.swift */,
			);
			name = VendorProfileVC;
			sourceTree = "<group>";
		};
		BF469D261F7424990008D69E /* FAQVC */ = {
			isa = PBXGroup;
			children = (
				BF469D241F7421B70008D69E /* FAQViewController.swift */,
			);
			name = FAQVC;
			sourceTree = "<group>";
		};
/* End PBXGroup section */

/* Begin PBXNativeTarget section */
		3DF50A041F3DDCD1007D288B /* brainGroom */ = {
			isa = PBXNativeTarget;
			buildConfigurationList = 3DF50A171F3DDCD2007D288B /* Build configuration list for PBXNativeTarget "brainGroom" */;
			buildPhases = (
				72E790699FFE3960758B21B0 /* [CP] Check Pods Manifest.lock */,
				3DF50A011F3DDCD1007D288B /* Sources */,
				3DF50A021F3DDCD1007D288B /* Frameworks */,
				3DF50A031F3DDCD1007D288B /* Resources */,
				3FA7C052CEB5F15AEA39C4AE /* [CP] Embed Pods Frameworks */,
				6770B4D3BCB287C1232A3479 /* [CP] Copy Pods Resources */,
			);
			buildRules = (
			);
			dependencies = (
			);
			name = brainGroom;
			productName = brainGroom;
			productReference = 3DF50A051F3DDCD1007D288B /* brainGroom.app */;
			productType = "com.apple.product-type.application";
		};
/* End PBXNativeTarget section */

/* Begin PBXProject section */
		3DF509FD1F3DDCD0007D288B /* Project object */ = {
			isa = PBXProject;
			attributes = {
				LastSwiftUpdateCheck = 0830;
				LastUpgradeCheck = 0830;
				ORGANIZATIONNAME = Mahesh;
				TargetAttributes = {
					3DF50A041F3DDCD1007D288B = {
						CreatedOnToolsVersion = 8.3.3;
						DevelopmentTeam = CE86X5LG58;
						LastSwiftMigration = 0900;
						ProvisioningStyle = Automatic;
					};
				};
			};
			buildConfigurationList = 3DF50A001F3DDCD0007D288B /* Build configuration list for PBXProject "brainGroom" */;
			compatibilityVersion = "Xcode 3.2";
			developmentRegion = English;
			hasScannedForEncodings = 0;
			knownRegions = (
				en,
				Base,
			);
			mainGroup = 3DF509FC1F3DDCD0007D288B;
			productRefGroup = 3DF50A061F3DDCD1007D288B /* Products */;
			projectDirPath = "";
			projectRoot = "";
			targets = (
				3DF50A041F3DDCD1007D288B /* brainGroom */,
			);
		};
/* End PBXProject section */

/* Begin PBXResourcesBuildPhase section */
		3DF50A031F3DDCD1007D288B /* Resources */ = {
			isa = PBXResourcesBuildPhase;
			buildActionMask = 2147483647;
			files = (
				55F4C0301F7160FA00C42ED2 /* GoogleService-Info.plist in Resources */,
				3DF50A131F3DDCD2007D288B /* LaunchScreen.storyboard in Resources */,
				3DF50A101F3DDCD2007D288B /* Assets.xcassets in Resources */,
				3DF50A0E1F3DDCD2007D288B /* Main.storyboard in Resources */,
			);
			runOnlyForDeploymentPostprocessing = 0;
		};
/* End PBXResourcesBuildPhase section */

/* Begin PBXShellScriptBuildPhase section */
		3FA7C052CEB5F15AEA39C4AE /* [CP] Embed Pods Frameworks */ = {
			isa = PBXShellScriptBuildPhase;
			buildActionMask = 2147483647;
			files = (
			);
			inputPaths = (
				"${SRCROOT}/Pods/Target Support Files/Pods-brainGroom/Pods-brainGroom-frameworks.sh",
				"${BUILT_PRODUCTS_DIR}/Alamofire/Alamofire.framework",
				"${BUILT_PRODUCTS_DIR}/Bolts/Bolts.framework",
				"${BUILT_PRODUCTS_DIR}/Cosmos/Cosmos.framework",
				"${BUILT_PRODUCTS_DIR}/FBSDKCoreKit/FBSDKCoreKit.framework",
				"${BUILT_PRODUCTS_DIR}/FBSDKLoginKit/FBSDKLoginKit.framework",
				"${BUILT_PRODUCTS_DIR}/FBSDKShareKit/FBSDKShareKit.framework",
				"${BUILT_PRODUCTS_DIR}/FacebookCore/FacebookCore.framework",
				"${BUILT_PRODUCTS_DIR}/FacebookLogin/FacebookLogin.framework",
				"${BUILT_PRODUCTS_DIR}/FacebookShare/FacebookShare.framework",
				"${BUILT_PRODUCTS_DIR}/GTMOAuth2/GTMOAuth2.framework",
				"${BUILT_PRODUCTS_DIR}/GTMSessionFetcher/GTMSessionFetcher.framework",
				"${BUILT_PRODUCTS_DIR}/GoogleToolboxForMac/GoogleToolboxForMac.framework",
				"${BUILT_PRODUCTS_DIR}/IQKeyboardManagerSwift/IQKeyboardManagerSwift.framework",
				"${BUILT_PRODUCTS_DIR}/LCBannerView/LCBannerView.framework",
				"${BUILT_PRODUCTS_DIR}/SDWebImage/SDWebImage.framework",
				"${BUILT_PRODUCTS_DIR}/SVProgressHUD/SVProgressHUD.framework",
			);
			name = "[CP] Embed Pods Frameworks";
			outputPaths = (
				"${TARGET_BUILD_DIR}/${FRAMEWORKS_FOLDER_PATH}/Alamofire.framework",
				"${TARGET_BUILD_DIR}/${FRAMEWORKS_FOLDER_PATH}/Bolts.framework",
				"${TARGET_BUILD_DIR}/${FRAMEWORKS_FOLDER_PATH}/Cosmos.framework",
				"${TARGET_BUILD_DIR}/${FRAMEWORKS_FOLDER_PATH}/FBSDKCoreKit.framework",
				"${TARGET_BUILD_DIR}/${FRAMEWORKS_FOLDER_PATH}/FBSDKLoginKit.framework",
				"${TARGET_BUILD_DIR}/${FRAMEWORKS_FOLDER_PATH}/FBSDKShareKit.framework",
				"${TARGET_BUILD_DIR}/${FRAMEWORKS_FOLDER_PATH}/FacebookCore.framework",
				"${TARGET_BUILD_DIR}/${FRAMEWORKS_FOLDER_PATH}/FacebookLogin.framework",
				"${TARGET_BUILD_DIR}/${FRAMEWORKS_FOLDER_PATH}/FacebookShare.framework",
				"${TARGET_BUILD_DIR}/${FRAMEWORKS_FOLDER_PATH}/GTMOAuth2.framework",
				"${TARGET_BUILD_DIR}/${FRAMEWORKS_FOLDER_PATH}/GTMSessionFetcher.framework",
				"${TARGET_BUILD_DIR}/${FRAMEWORKS_FOLDER_PATH}/GoogleToolboxForMac.framework",
				"${TARGET_BUILD_DIR}/${FRAMEWORKS_FOLDER_PATH}/IQKeyboardManagerSwift.framework",
				"${TARGET_BUILD_DIR}/${FRAMEWORKS_FOLDER_PATH}/LCBannerView.framework",
				"${TARGET_BUILD_DIR}/${FRAMEWORKS_FOLDER_PATH}/SDWebImage.framework",
				"${TARGET_BUILD_DIR}/${FRAMEWORKS_FOLDER_PATH}/SVProgressHUD.framework",
			);
			runOnlyForDeploymentPostprocessing = 0;
			shellPath = /bin/sh;
			shellScript = "\"${SRCROOT}/Pods/Target Support Files/Pods-brainGroom/Pods-brainGroom-frameworks.sh\"\n";
			showEnvVarsInLog = 0;
		};
		6770B4D3BCB287C1232A3479 /* [CP] Copy Pods Resources */ = {
			isa = PBXShellScriptBuildPhase;
			buildActionMask = 2147483647;
			files = (
			);
			inputPaths = (
				"${SRCROOT}/Pods/Target Support Files/Pods-brainGroom/Pods-brainGroom-resources.sh",
				"${PODS_ROOT}/GoogleMaps/Maps/Frameworks/GoogleMaps.framework/Versions/A/Resources/GoogleMaps.bundle",
				"${PODS_ROOT}/GoogleSignIn/Resources/GoogleSignIn.bundle",
			);
			name = "[CP] Copy Pods Resources";
			outputPaths = (
				"${TARGET_BUILD_DIR}/${UNLOCALIZED_RESOURCES_FOLDER_PATH}",
			);
			runOnlyForDeploymentPostprocessing = 0;
			shellPath = /bin/sh;
			shellScript = "\"${SRCROOT}/Pods/Target Support Files/Pods-brainGroom/Pods-brainGroom-resources.sh\"\n";
			showEnvVarsInLog = 0;
		};
		72E790699FFE3960758B21B0 /* [CP] Check Pods Manifest.lock */ = {
			isa = PBXShellScriptBuildPhase;
			buildActionMask = 2147483647;
			files = (
			);
			inputPaths = (
				"${PODS_PODFILE_DIR_PATH}/Podfile.lock",
				"${PODS_ROOT}/Manifest.lock",
			);
			name = "[CP] Check Pods Manifest.lock";
			outputPaths = (
				"$(DERIVED_FILE_DIR)/Pods-brainGroom-checkManifestLockResult.txt",
			);
			runOnlyForDeploymentPostprocessing = 0;
			shellPath = /bin/sh;
			shellScript = "diff \"${PODS_PODFILE_DIR_PATH}/Podfile.lock\" \"${PODS_ROOT}/Manifest.lock\" > /dev/null\nif [ $? != 0 ] ; then\n    # print error to STDERR\n    echo \"error: The sandbox is not in sync with the Podfile.lock. Run 'pod install' or update your CocoaPods installation.\" >&2\n    exit 1\nfi\n";
			showEnvVarsInLog = 0;
		};
/* End PBXShellScriptBuildPhase section */

/* Begin PBXSourcesBuildPhase section */
		3DF50A011F3DDCD1007D288B /* Sources */ = {
			isa = PBXSourcesBuildPhase;
			buildActionMask = 2147483647;
			files = (
				3DCB87AC1F49CF430041C122 /* NotificationsViewController.swift in Sources */,
				3D1BEAA81F3EC29300A28BA9 /* MapVC.swift in Sources */,
				3D1BEAA21F3EC25200A28BA9 /* LoginVC.swift in Sources */,
				3D4A1DC61F48559800885106 /* MyProfileViewController.swift in Sources */,
				3D1BEAA61F3EC28400A28BA9 /* ContactUsVC.swift in Sources */,
				3D1BEAAA1F3EC2A600A28BA9 /* HomeVC.swift in Sources */,
				55D6AAC91F6D3D8C00692B23 /* SearchItemsViewController.swift in Sources */,
				5570548F1F606F440008E377 /* ProfileViewController.swift in Sources */,
				55059FF31F60400F009D5CE1 /* BookmarksViewController.swift in Sources */,
				552507231F6848A500C82AD4 /* HomePageViewController.swift in Sources */,
				3D1BEAB21F3F311F00A28BA9 /* UIButtonX.swift in Sources */,
				3D4A1DC81F4855B400885106 /* RegisterViewController.swift in Sources */,
				3D1BEAB61F3F311F00A28BA9 /* UIViewX.swift in Sources */,
				3D1BEAAC1F3EC55D00A28BA9 /* Constants.swift in Sources */,
				550AD2871F6F0D0B00FDBF0E /* DetailItemViewController2.swift in Sources */,
				BF0400E41F64017600C52118 /* OTPViewController.swift in Sources */,
				3D4A1DC41F48235700885106 /* ACFloatingTextfield.swift in Sources */,
				55059FF11F603BAE009D5CE1 /* WishListViewController.swift in Sources */,
				3D1BEAB31F3F311F00A28BA9 /* UIImageViewX.swift in Sources */,
				3DCB87AA1F49CE7C0041C122 /* HeadingViewController.swift in Sources */,
				3D1BEAB41F3F311F00A28BA9 /* UILabelX.swift in Sources */,
				3DCB87B01F49F98F0041C122 /* ChangePasswordVC.swift in Sources */,
				3D4EA7591F4B5C7A005D3A49 /* ItemViewController.swift in Sources */,
				5557104C1F5EEF2300A8A8A9 /* CateloguesViewController.swift in Sources */,
				3DCB87AE1F49CF5C0041C122 /* FilterViewController.swift in Sources */,
				3D1BEAB51F3F311F00A28BA9 /* UITextFieldX.swift in Sources */,
				3DF50A091F3DDCD1007D288B /* AppDelegate.swift in Sources */,
				BF469D251F7421B70008D69E /* FAQViewController.swift in Sources */,
				3D4A1DCE1F4869ED00885106 /* AFWrapperClass.swift in Sources */,
				3D4A1DCA1F4855F300885106 /* RegisterViewController2.swift in Sources */,
				3D1BEAA41F3EC26C00A28BA9 /* TermsVC.swift in Sources */,
			);
			runOnlyForDeploymentPostprocessing = 0;
		};
/* End PBXSourcesBuildPhase section */

/* Begin PBXVariantGroup section */
		3DF50A0C1F3DDCD2007D288B /* Main.storyboard */ = {
			isa = PBXVariantGroup;
			children = (
				3DF50A0D1F3DDCD2007D288B /* Base */,
			);
			name = Main.storyboard;
			sourceTree = "<group>";
		};
		3DF50A111F3DDCD2007D288B /* LaunchScreen.storyboard */ = {
			isa = PBXVariantGroup;
			children = (
				3DF50A121F3DDCD2007D288B /* Base */,
			);
			name = LaunchScreen.storyboard;
			sourceTree = "<group>";
		};
/* End PBXVariantGroup section */

/* Begin XCBuildConfiguration section */
		3DF50A151F3DDCD2007D288B /* Debug */ = {
			isa = XCBuildConfiguration;
			buildSettings = {
				ALWAYS_SEARCH_USER_PATHS = NO;
				CLANG_ANALYZER_NONNULL = YES;
				CLANG_ANALYZER_NUMBER_OBJECT_CONVERSION = YES_AGGRESSIVE;
				CLANG_CXX_LANGUAGE_STANDARD = "gnu++0x";
				CLANG_CXX_LIBRARY = "libc++";
				CLANG_ENABLE_MODULES = YES;
				CLANG_ENABLE_OBJC_ARC = YES;
				CLANG_WARN_BOOL_CONVERSION = YES;
				CLANG_WARN_CONSTANT_CONVERSION = YES;
				CLANG_WARN_DIRECT_OBJC_ISA_USAGE = YES_ERROR;
				CLANG_WARN_DOCUMENTATION_COMMENTS = YES;
				CLANG_WARN_EMPTY_BODY = YES;
				CLANG_WARN_ENUM_CONVERSION = YES;
				CLANG_WARN_INFINITE_RECURSION = YES;
				CLANG_WARN_INT_CONVERSION = YES;
				CLANG_WARN_OBJC_ROOT_CLASS = YES_ERROR;
				CLANG_WARN_SUSPICIOUS_MOVE = YES;
				CLANG_WARN_UNREACHABLE_CODE = YES;
				CLANG_WARN__DUPLICATE_METHOD_MATCH = YES;
				"CODE_SIGN_IDENTITY[sdk=iphoneos*]" = "iPhone Developer";
				COPY_PHASE_STRIP = NO;
				DEBUG_INFORMATION_FORMAT = dwarf;
				ENABLE_STRICT_OBJC_MSGSEND = YES;
				ENABLE_TESTABILITY = YES;
				GCC_C_LANGUAGE_STANDARD = gnu99;
				GCC_DYNAMIC_NO_PIC = NO;
				GCC_NO_COMMON_BLOCKS = YES;
				GCC_OPTIMIZATION_LEVEL = 0;
				GCC_PREPROCESSOR_DEFINITIONS = (
					"DEBUG=1",
					"$(inherited)",
				);
				GCC_WARN_64_TO_32_BIT_CONVERSION = YES;
				GCC_WARN_ABOUT_RETURN_TYPE = YES_ERROR;
				GCC_WARN_UNDECLARED_SELECTOR = YES;
				GCC_WARN_UNINITIALIZED_AUTOS = YES_AGGRESSIVE;
				GCC_WARN_UNUSED_FUNCTION = YES;
				GCC_WARN_UNUSED_VARIABLE = YES;
				IPHONEOS_DEPLOYMENT_TARGET = 10.3;
				MTL_ENABLE_DEBUG_INFO = YES;
				ONLY_ACTIVE_ARCH = YES;
				SDKROOT = iphoneos;
				SWIFT_ACTIVE_COMPILATION_CONDITIONS = DEBUG;
				SWIFT_OPTIMIZATION_LEVEL = "-Onone";
				TARGETED_DEVICE_FAMILY = "1,2";
			};
			name = Debug;
		};
		3DF50A161F3DDCD2007D288B /* Release */ = {
			isa = XCBuildConfiguration;
			buildSettings = {
				ALWAYS_SEARCH_USER_PATHS = NO;
				CLANG_ANALYZER_NONNULL = YES;
				CLANG_ANALYZER_NUMBER_OBJECT_CONVERSION = YES_AGGRESSIVE;
				CLANG_CXX_LANGUAGE_STANDARD = "gnu++0x";
				CLANG_CXX_LIBRARY = "libc++";
				CLANG_ENABLE_MODULES = YES;
				CLANG_ENABLE_OBJC_ARC = YES;
				CLANG_WARN_BOOL_CONVERSION = YES;
				CLANG_WARN_CONSTANT_CONVERSION = YES;
				CLANG_WARN_DIRECT_OBJC_ISA_USAGE = YES_ERROR;
				CLANG_WARN_DOCUMENTATION_COMMENTS = YES;
				CLANG_WARN_EMPTY_BODY = YES;
				CLANG_WARN_ENUM_CONVERSION = YES;
				CLANG_WARN_INFINITE_RECURSION = YES;
				CLANG_WARN_INT_CONVERSION = YES;
				CLANG_WARN_OBJC_ROOT_CLASS = YES_ERROR;
				CLANG_WARN_SUSPICIOUS_MOVE = YES;
				CLANG_WARN_UNREACHABLE_CODE = YES;
				CLANG_WARN__DUPLICATE_METHOD_MATCH = YES;
				"CODE_SIGN_IDENTITY[sdk=iphoneos*]" = "iPhone Developer";
				COPY_PHASE_STRIP = NO;
				DEBUG_INFORMATION_FORMAT = "dwarf-with-dsym";
				ENABLE_NS_ASSERTIONS = NO;
				ENABLE_STRICT_OBJC_MSGSEND = YES;
				GCC_C_LANGUAGE_STANDARD = gnu99;
				GCC_NO_COMMON_BLOCKS = YES;
				GCC_WARN_64_TO_32_BIT_CONVERSION = YES;
				GCC_WARN_ABOUT_RETURN_TYPE = YES_ERROR;
				GCC_WARN_UNDECLARED_SELECTOR = YES;
				GCC_WARN_UNINITIALIZED_AUTOS = YES_AGGRESSIVE;
				GCC_WARN_UNUSED_FUNCTION = YES;
				GCC_WARN_UNUSED_VARIABLE = YES;
				IPHONEOS_DEPLOYMENT_TARGET = 10.3;
				MTL_ENABLE_DEBUG_INFO = NO;
				SDKROOT = iphoneos;
				SWIFT_OPTIMIZATION_LEVEL = "-Owholemodule";
				TARGETED_DEVICE_FAMILY = "1,2";
				VALIDATE_PRODUCT = YES;
			};
			name = Release;
		};
		3DF50A181F3DDCD2007D288B /* Debug */ = {
			isa = XCBuildConfiguration;
			baseConfigurationReference = DDF1792C24A73FF573580254 /* Pods-brainGroom.debug.xcconfig */;
			buildSettings = {
				ASSETCATALOG_COMPILER_APPICON_NAME = AppIcon;
				CLANG_ENABLE_MODULES = YES;
				DEVELOPMENT_TEAM = CE86X5LG58;
				INFOPLIST_FILE = brainGroom/Info.plist;
				IPHONEOS_DEPLOYMENT_TARGET = 9.0;
				LD_RUNPATH_SEARCH_PATHS = "$(inherited) @executable_path/Frameworks";
				PRODUCT_BUNDLE_IDENTIFIER = com.appKnit.brainGroom;
				PRODUCT_NAME = "$(TARGET_NAME)";
				SWIFT_OBJC_BRIDGING_HEADER = "brainGroom/brainGroom-Bridging-Header.h";
				SWIFT_OPTIMIZATION_LEVEL = "-Onone";
				SWIFT_VERSION = 3.0;
			};
			name = Debug;
		};
		3DF50A191F3DDCD2007D288B /* Release */ = {
			isa = XCBuildConfiguration;
			baseConfigurationReference = 4E92EE515693C508160853CE /* Pods-brainGroom.release.xcconfig */;
			buildSettings = {
				ASSETCATALOG_COMPILER_APPICON_NAME = AppIcon;
				CLANG_ENABLE_MODULES = YES;
				DEVELOPMENT_TEAM = CE86X5LG58;
				INFOPLIST_FILE = brainGroom/Info.plist;
				IPHONEOS_DEPLOYMENT_TARGET = 9.0;
				LD_RUNPATH_SEARCH_PATHS = "$(inherited) @executable_path/Frameworks";
				PRODUCT_BUNDLE_IDENTIFIER = com.appKnit.brainGroom;
				PRODUCT_NAME = "$(TARGET_NAME)";
				SWIFT_OBJC_BRIDGING_HEADER = "brainGroom/brainGroom-Bridging-Header.h";
				SWIFT_VERSION = 3.0;
			};
			name = Release;
		};
/* End XCBuildConfiguration section */

/* Begin XCConfigurationList section */
		3DF50A001F3DDCD0007D288B /* Build configuration list for PBXProject "brainGroom" */ = {
			isa = XCConfigurationList;
			buildConfigurations = (
				3DF50A151F3DDCD2007D288B /* Debug */,
				3DF50A161F3DDCD2007D288B /* Release */,
			);
			defaultConfigurationIsVisible = 0;
			defaultConfigurationName = Release;
		};
		3DF50A171F3DDCD2007D288B /* Build configuration list for PBXNativeTarget "brainGroom" */ = {
			isa = XCConfigurationList;
			buildConfigurations = (
				3DF50A181F3DDCD2007D288B /* Debug */,
				3DF50A191F3DDCD2007D288B /* Release */,
			);
			defaultConfigurationIsVisible = 0;
			defaultConfigurationName = Release;
		};
/* End XCConfigurationList section */
	};
	rootObject = 3DF509FD1F3DDCD0007D288B /* Project object */;
}
